PODS:
  - SwiftGen (6.6.3)
  - SwiftLint (0.54.0)

DEPENDENCIES:
  - SwiftGen (~> 6.6)
  - SwiftLint (~> 0.54.0)

SPEC REPOS:
  trunk:
    - SwiftGen
    - SwiftLint

SPEC CHECKSUMS:
  SwiftGen: 4993cbf71cbc4886f775e26f8d5c3a1188ec9f99
  SwiftLint: c1de071d9d08c8aba837545f6254315bc900e211

PODFILE CHECKSUM: 0a9313386a7a578f24c82d6a8e85219c9bbb78be

COCOAPODS: 1.16.2
