// !$*UTF8*$!
{
	archiveVersion = 1;
	classes = {
	};
	objectVersion = 77;
	objects = {

/* Begin PBXBuildFile section */
		2D0D952F2E16D41D00547E37 /* Auth in Frameworks */ = {isa = PBXBuildFile; productRef = 2D0D952E2E16D41D00547E37 /* Auth */; };
		2D0D95312E16D41D00547E37 /* Storage in Frameworks */ = {isa = PBXBuildFile; productRef = 2D0D95302E16D41D00547E37 /* Storage */; };
		2D0D95332E16D41D00547E37 /* Supabase in Frameworks */ = {isa = PBXBuildFile; productRef = 2D0D95322E16D41D00547E37 /* Supabase */; };
		5808FAAA292EC593FB53A837 /* Pods_SkillTalk.framework in Frameworks */ = {isa = PBXBuildFile; fileRef = 9D83312FD454B78525AB6D63 /* Pods_SkillTalk.framework */; };
		8BC85F86D912178A303E3FB7 /* Pods_SkillTalkTests.framework in Frameworks */ = {isa = PBXBuildFile; fileRef = E343649490DA5A3CCB6B232A /* Pods_SkillTalkTests.framework */; };
		DE7D778703EE6AC9B96DCC73 /* Pods_SkillTalk_SkillTalkUITests.framework in Frameworks */ = {isa = PBXBuildFile; fileRef = 56828832B0D23494B9162F51 /* Pods_SkillTalk_SkillTalkUITests.framework */; };
/* End PBXBuildFile section */

/* Begin PBXContainerItemProxy section */
		2DC8B1362E15E20200F5C950 /* PBXContainerItemProxy */ = {
			isa = PBXContainerItemProxy;
			containerPortal = 2DC8B1202E15E20000F5C950 /* Project object */;
			proxyType = 1;
			remoteGlobalIDString = 2DC8B1272E15E20000F5C950;
			remoteInfo = SkillTalk;
		};
		2DC8B1402E15E20200F5C950 /* PBXContainerItemProxy */ = {
			isa = PBXContainerItemProxy;
			containerPortal = 2DC8B1202E15E20000F5C950 /* Project object */;
			proxyType = 1;
			remoteGlobalIDString = 2DC8B1272E15E20000F5C950;
			remoteInfo = SkillTalk;
		};
/* End PBXContainerItemProxy section */

/* Begin PBXFileReference section */
		165C1155696FF57118D504B2 /* Pods-SkillTalkTests.debug.xcconfig */ = {isa = PBXFileReference; includeInIndex = 1; lastKnownFileType = text.xcconfig; name = "Pods-SkillTalkTests.debug.xcconfig"; path = "Target Support Files/Pods-SkillTalkTests/Pods-SkillTalkTests.debug.xcconfig"; sourceTree = "<group>"; };
		2DC8B1282E15E20000F5C950 /* SkillTalk.app */ = {isa = PBXFileReference; explicitFileType = wrapper.application; includeInIndex = 0; path = SkillTalk.app; sourceTree = BUILT_PRODUCTS_DIR; };
		2DC8B1352E15E20200F5C950 /* SkillTalkTests.xctest */ = {isa = PBXFileReference; explicitFileType = wrapper.cfbundle; includeInIndex = 0; path = SkillTalkTests.xctest; sourceTree = BUILT_PRODUCTS_DIR; };
		2DC8B13F2E15E20200F5C950 /* SkillTalkUITests.xctest */ = {isa = PBXFileReference; explicitFileType = wrapper.cfbundle; includeInIndex = 0; path = SkillTalkUITests.xctest; sourceTree = BUILT_PRODUCTS_DIR; };
		56828832B0D23494B9162F51 /* Pods_SkillTalk_SkillTalkUITests.framework */ = {isa = PBXFileReference; explicitFileType = wrapper.framework; includeInIndex = 0; path = Pods_SkillTalk_SkillTalkUITests.framework; sourceTree = BUILT_PRODUCTS_DIR; };
		9D83312FD454B78525AB6D63 /* Pods_SkillTalk.framework */ = {isa = PBXFileReference; explicitFileType = wrapper.framework; includeInIndex = 0; path = Pods_SkillTalk.framework; sourceTree = BUILT_PRODUCTS_DIR; };
		A08B9626A1F1711025D38065 /* Pods-SkillTalkTests.release.xcconfig */ = {isa = PBXFileReference; includeInIndex = 1; lastKnownFileType = text.xcconfig; name = "Pods-SkillTalkTests.release.xcconfig"; path = "Target Support Files/Pods-SkillTalkTests/Pods-SkillTalkTests.release.xcconfig"; sourceTree = "<group>"; };
		AB8951F9BD280D5EF502706B /* Pods-SkillTalk-SkillTalkUITests.debug.xcconfig */ = {isa = PBXFileReference; includeInIndex = 1; lastKnownFileType = text.xcconfig; name = "Pods-SkillTalk-SkillTalkUITests.debug.xcconfig"; path = "Target Support Files/Pods-SkillTalk-SkillTalkUITests/Pods-SkillTalk-SkillTalkUITests.debug.xcconfig"; sourceTree = "<group>"; };
		AF66664E02651695216C51ED /* Pods-SkillTalk.release.xcconfig */ = {isa = PBXFileReference; includeInIndex = 1; lastKnownFileType = text.xcconfig; name = "Pods-SkillTalk.release.xcconfig"; path = "Target Support Files/Pods-SkillTalk/Pods-SkillTalk.release.xcconfig"; sourceTree = "<group>"; };
		B63B373148D3DEFA87C41F0C /* Pods-SkillTalk.debug.xcconfig */ = {isa = PBXFileReference; includeInIndex = 1; lastKnownFileType = text.xcconfig; name = "Pods-SkillTalk.debug.xcconfig"; path = "Target Support Files/Pods-SkillTalk/Pods-SkillTalk.debug.xcconfig"; sourceTree = "<group>"; };
		E343649490DA5A3CCB6B232A /* Pods_SkillTalkTests.framework */ = {isa = PBXFileReference; explicitFileType = wrapper.framework; includeInIndex = 0; path = Pods_SkillTalkTests.framework; sourceTree = BUILT_PRODUCTS_DIR; };
		F9817E6F30943F209A89C1EB /* Pods-SkillTalk-SkillTalkUITests.release.xcconfig */ = {isa = PBXFileReference; includeInIndex = 1; lastKnownFileType = text.xcconfig; name = "Pods-SkillTalk-SkillTalkUITests.release.xcconfig"; path = "Target Support Files/Pods-SkillTalk-SkillTalkUITests/Pods-SkillTalk-SkillTalkUITests.release.xcconfig"; sourceTree = "<group>"; };
/* End PBXFileReference section */

/* Begin PBXFileSystemSynchronizedRootGroup section */
		2DC8B12A2E15E20000F5C950 /* SkillTalk */ = {
			isa = PBXFileSystemSynchronizedRootGroup;
			exceptions = (
			);
			path = SkillTalk;
			sourceTree = "<group>";
		};
		2DC8B1382E15E20200F5C950 /* SkillTalkTests */ = {
			isa = PBXFileSystemSynchronizedRootGroup;
			exceptions = (
			);
			path = SkillTalkTests;
			sourceTree = "<group>";
		};
		2DC8B1422E15E20200F5C950 /* SkillTalkUITests */ = {
			isa = PBXFileSystemSynchronizedRootGroup;
			exceptions = (
			);
			path = SkillTalkUITests;
			sourceTree = "<group>";
		};
/* End PBXFileSystemSynchronizedRootGroup section */

/* Begin PBXFrameworksBuildPhase section */
		2DC8B1252E15E20000F5C950 /* Frameworks */ = {
			isa = PBXFrameworksBuildPhase;
			buildActionMask = 2147483647;
			files = (
				2D0D95332E16D41D00547E37 /* Supabase in Frameworks */,
				2D0D95312E16D41D00547E37 /* Storage in Frameworks */,
				2D0D952F2E16D41D00547E37 /* Auth in Frameworks */,
				5808FAAA292EC593FB53A837 /* Pods_SkillTalk.framework in Frameworks */,
			);
			runOnlyForDeploymentPostprocessing = 0;
		};
		2DC8B1322E15E20200F5C950 /* Frameworks */ = {
			isa = PBXFrameworksBuildPhase;
			buildActionMask = 2147483647;
			files = (
				8BC85F86D912178A303E3FB7 /* Pods_SkillTalkTests.framework in Frameworks */,
			);
			runOnlyForDeploymentPostprocessing = 0;
		};
		2DC8B13C2E15E20200F5C950 /* Frameworks */ = {
			isa = PBXFrameworksBuildPhase;
			buildActionMask = 2147483647;
			files = (
				DE7D778703EE6AC9B96DCC73 /* Pods_SkillTalk_SkillTalkUITests.framework in Frameworks */,
			);
			runOnlyForDeploymentPostprocessing = 0;
		};
/* End PBXFrameworksBuildPhase section */

/* Begin PBXGroup section */
		2DC8B11F2E15E20000F5C950 = {
			isa = PBXGroup;
			children = (
				2DC8B12A2E15E20000F5C950 /* SkillTalk */,
				2DC8B1382E15E20200F5C950 /* SkillTalkTests */,
				2DC8B1422E15E20200F5C950 /* SkillTalkUITests */,
				2DC8B1292E15E20000F5C950 /* Products */,
				8E95B237AC93CB6C992CB2D2 /* Pods */,
				FEA849DACBC57FC4878F3290 /* Frameworks */,
			);
			sourceTree = "<group>";
		};
		2DC8B1292E15E20000F5C950 /* Products */ = {
			isa = PBXGroup;
			children = (
				2DC8B1282E15E20000F5C950 /* SkillTalk.app */,
				2DC8B1352E15E20200F5C950 /* SkillTalkTests.xctest */,
				2DC8B13F2E15E20200F5C950 /* SkillTalkUITests.xctest */,
			);
			name = Products;
			sourceTree = "<group>";
		};
		8E95B237AC93CB6C992CB2D2 /* Pods */ = {
			isa = PBXGroup;
			children = (
				B63B373148D3DEFA87C41F0C /* Pods-SkillTalk.debug.xcconfig */,
				AF66664E02651695216C51ED /* Pods-SkillTalk.release.xcconfig */,
				AB8951F9BD280D5EF502706B /* Pods-SkillTalk-SkillTalkUITests.debug.xcconfig */,
				F9817E6F30943F209A89C1EB /* Pods-SkillTalk-SkillTalkUITests.release.xcconfig */,
				165C1155696FF57118D504B2 /* Pods-SkillTalkTests.debug.xcconfig */,
				A08B9626A1F1711025D38065 /* Pods-SkillTalkTests.release.xcconfig */,
			);
			path = Pods;
			sourceTree = "<group>";
		};
		FEA849DACBC57FC4878F3290 /* Frameworks */ = {
			isa = PBXGroup;
			children = (
				9D83312FD454B78525AB6D63 /* Pods_SkillTalk.framework */,
				56828832B0D23494B9162F51 /* Pods_SkillTalk_SkillTalkUITests.framework */,
				E343649490DA5A3CCB6B232A /* Pods_SkillTalkTests.framework */,
			);
			name = Frameworks;
			sourceTree = "<group>";
		};
/* End PBXGroup section */

/* Begin PBXNativeTarget section */
		2DC8B1272E15E20000F5C950 /* SkillTalk */ = {
			isa = PBXNativeTarget;
			buildConfigurationList = 2DC8B1492E15E20200F5C950 /* Build configuration list for PBXNativeTarget "SkillTalk" */;
			buildPhases = (
				5EA6C1C9E909542E82E2E589 /* [CP] Check Pods Manifest.lock */,
				2DC8B1242E15E20000F5C950 /* Sources */,
				2DC8B1252E15E20000F5C950 /* Frameworks */,
				2DC8B1262E15E20000F5C950 /* Resources */,
				D611A68D5FF389AC6D807EB8 /* [CP] Embed Pods Frameworks */,
			);
			buildRules = (
			);
			dependencies = (
			);
			fileSystemSynchronizedGroups = (
				2DC8B12A2E15E20000F5C950 /* SkillTalk */,
			);
			name = SkillTalk;
			productName = SkillTalk;
			productReference = 2DC8B1282E15E20000F5C950 /* SkillTalk.app */;
			productType = "com.apple.product-type.application";
		};
		2DC8B1342E15E20200F5C950 /* SkillTalkTests */ = {
			isa = PBXNativeTarget;
			buildConfigurationList = 2DC8B14C2E15E20200F5C950 /* Build configuration list for PBXNativeTarget "SkillTalkTests" */;
			buildPhases = (
				203C016B118AE95EAF93E8BA /* [CP] Check Pods Manifest.lock */,
				2DC8B1312E15E20200F5C950 /* Sources */,
				2DC8B1322E15E20200F5C950 /* Frameworks */,
				2DC8B1332E15E20200F5C950 /* Resources */,
			);
			buildRules = (
			);
			dependencies = (
				2DC8B1372E15E20200F5C950 /* PBXTargetDependency */,
			);
			fileSystemSynchronizedGroups = (
				2DC8B1382E15E20200F5C950 /* SkillTalkTests */,
			);
			name = SkillTalkTests;
			productName = SkillTalkTests;
			productReference = 2DC8B1352E15E20200F5C950 /* SkillTalkTests.xctest */;
			productType = "com.apple.product-type.bundle.unit-test";
		};
		2DC8B13E2E15E20200F5C950 /* SkillTalkUITests */ = {
			isa = PBXNativeTarget;
			buildConfigurationList = 2DC8B14F2E15E20200F5C950 /* Build configuration list for PBXNativeTarget "SkillTalkUITests" */;
			buildPhases = (
				114DE5417E444066A34F9872 /* [CP] Check Pods Manifest.lock */,
				2DC8B13B2E15E20200F5C950 /* Sources */,
				2DC8B13C2E15E20200F5C950 /* Frameworks */,
				2DC8B13D2E15E20200F5C950 /* Resources */,
				96A75F9E4152B10F3DFCB44C /* [CP] Embed Pods Frameworks */,
			);
			buildRules = (
			);
			dependencies = (
				2DC8B1412E15E20200F5C950 /* PBXTargetDependency */,
			);
			fileSystemSynchronizedGroups = (
				2DC8B1422E15E20200F5C950 /* SkillTalkUITests */,
			);
			name = SkillTalkUITests;
			productName = SkillTalkUITests;
			productReference = 2DC8B13F2E15E20200F5C950 /* SkillTalkUITests.xctest */;
			productType = "com.apple.product-type.bundle.ui-testing";
		};
/* End PBXNativeTarget section */

/* Begin PBXProject section */
		2DC8B1202E15E20000F5C950 /* Project object */ = {
			isa = PBXProject;
			attributes = {
				BuildIndependentTargetsInParallel = 1;
				LastSwiftUpdateCheck = 1630;
				LastUpgradeCheck = 1630;
				TargetAttributes = {
					2DC8B1272E15E20000F5C950 = {
						CreatedOnToolsVersion = 16.3;
					};
					2DC8B1342E15E20200F5C950 = {
						CreatedOnToolsVersion = 16.3;
						TestTargetID = 2DC8B1272E15E20000F5C950;
					};
					2DC8B13E2E15E20200F5C950 = {
						CreatedOnToolsVersion = 16.3;
						TestTargetID = 2DC8B1272E15E20000F5C950;
					};
				};
			};
			buildConfigurationList = 2DC8B1232E15E20000F5C950 /* Build configuration list for PBXProject "SkillTalk" */;
			developmentRegion = en;
			hasScannedForEncodings = 0;
			knownRegions = (
				en,
				Base,
			);
			mainGroup = 2DC8B11F2E15E20000F5C950;
			minimizedProjectReferenceProxies = 1;
			packageReferences = (
				2D0D952D2E16D41C00547E37 /* XCRemoteSwiftPackageReference "supabase-swift" */,
			);
			preferredProjectObjectVersion = 77;
			productRefGroup = 2DC8B1292E15E20000F5C950 /* Products */;
			projectDirPath = "";
			projectRoot = "";
			targets = (
				2DC8B1272E15E20000F5C950 /* SkillTalk */,
				2DC8B1342E15E20200F5C950 /* SkillTalkTests */,
				2DC8B13E2E15E20200F5C950 /* SkillTalkUITests */,
			);
		};
/* End PBXProject section */

/* Begin PBXResourcesBuildPhase section */
		2DC8B1262E15E20000F5C950 /* Resources */ = {
			isa = PBXResourcesBuildPhase;
			buildActionMask = 2147483647;
			files = (
			);
			runOnlyForDeploymentPostprocessing = 0;
		};
		2DC8B1332E15E20200F5C950 /* Resources */ = {
			isa = PBXResourcesBuildPhase;
			buildActionMask = 2147483647;
			files = (
			);
			runOnlyForDeploymentPostprocessing = 0;
		};
		2DC8B13D2E15E20200F5C950 /* Resources */ = {
			isa = PBXResourcesBuildPhase;
			buildActionMask = 2147483647;
			files = (
			);
			runOnlyForDeploymentPostprocessing = 0;
		};
/* End PBXResourcesBuildPhase section */

/* Begin PBXShellScriptBuildPhase section */
		114DE5417E444066A34F9872 /* [CP] Check Pods Manifest.lock */ = {
			isa = PBXShellScriptBuildPhase;
			buildActionMask = 2147483647;
			files = (
			);
			inputFileListPaths = (
			);
			inputPaths = (
				"${PODS_PODFILE_DIR_PATH}/Podfile.lock",
				"${PODS_ROOT}/Manifest.lock",
			);
			name = "[CP] Check Pods Manifest.lock";
			outputFileListPaths = (
			);
			outputPaths = (
				"$(DERIVED_FILE_DIR)/Pods-SkillTalk-SkillTalkUITests-checkManifestLockResult.txt",
			);
			runOnlyForDeploymentPostprocessing = 0;
			shellPath = /bin/sh;
			shellScript = "diff \"${PODS_PODFILE_DIR_PATH}/Podfile.lock\" \"${PODS_ROOT}/Manifest.lock\" > /dev/null\nif [ $? != 0 ] ; then\n    # print error to STDERR\n    echo \"error: The sandbox is not in sync with the Podfile.lock. Run 'pod install' or update your CocoaPods installation.\" >&2\n    exit 1\nfi\n# This output is used by Xcode 'outputs' to avoid re-running this script phase.\necho \"SUCCESS\" > \"${SCRIPT_OUTPUT_FILE_0}\"\n";
			showEnvVarsInLog = 0;
		};
		203C016B118AE95EAF93E8BA /* [CP] Check Pods Manifest.lock */ = {
			isa = PBXShellScriptBuildPhase;
			buildActionMask = 2147483647;
			files = (
			);
			inputFileListPaths = (
			);
			inputPaths = (
				"${PODS_PODFILE_DIR_PATH}/Podfile.lock",
				"${PODS_ROOT}/Manifest.lock",
			);
			name = "[CP] Check Pods Manifest.lock";
			outputFileListPaths = (
			);
			outputPaths = (
				"$(DERIVED_FILE_DIR)/Pods-SkillTalkTests-checkManifestLockResult.txt",
			);
			runOnlyForDeploymentPostprocessing = 0;
			shellPath = /bin/sh;
			shellScript = "diff \"${PODS_PODFILE_DIR_PATH}/Podfile.lock\" \"${PODS_ROOT}/Manifest.lock\" > /dev/null\nif [ $? != 0 ] ; then\n    # print error to STDERR\n    echo \"error: The sandbox is not in sync with the Podfile.lock. Run 'pod install' or update your CocoaPods installation.\" >&2\n    exit 1\nfi\n# This output is used by Xcode 'outputs' to avoid re-running this script phase.\necho \"SUCCESS\" > \"${SCRIPT_OUTPUT_FILE_0}\"\n";
			showEnvVarsInLog = 0;
		};
		5EA6C1C9E909542E82E2E589 /* [CP] Check Pods Manifest.lock */ = {
			isa = PBXShellScriptBuildPhase;
			buildActionMask = 2147483647;
			files = (
			);
			inputFileListPaths = (
			);
			inputPaths = (
				"${PODS_PODFILE_DIR_PATH}/Podfile.lock",
				"${PODS_ROOT}/Manifest.lock",
			);
			name = "[CP] Check Pods Manifest.lock";
			outputFileListPaths = (
			);
			outputPaths = (
				"$(DERIVED_FILE_DIR)/Pods-SkillTalk-checkManifestLockResult.txt",
			);
			runOnlyForDeploymentPostprocessing = 0;
			shellPath = /bin/sh;
			shellScript = "diff \"${PODS_PODFILE_DIR_PATH}/Podfile.lock\" \"${PODS_ROOT}/Manifest.lock\" > /dev/null\nif [ $? != 0 ] ; then\n    # print error to STDERR\n    echo \"error: The sandbox is not in sync with the Podfile.lock. Run 'pod install' or update your CocoaPods installation.\" >&2\n    exit 1\nfi\n# This output is used by Xcode 'outputs' to avoid re-running this script phase.\necho \"SUCCESS\" > \"${SCRIPT_OUTPUT_FILE_0}\"\n";
			showEnvVarsInLog = 0;
		};
		96A75F9E4152B10F3DFCB44C /* [CP] Embed Pods Frameworks */ = {
			isa = PBXShellScriptBuildPhase;
			buildActionMask = 2147483647;
			files = (
			);
			inputFileListPaths = (
				"${PODS_ROOT}/Target Support Files/Pods-SkillTalk-SkillTalkUITests/Pods-SkillTalk-SkillTalkUITests-frameworks-${CONFIGURATION}-input-files.xcfilelist",
			);
			name = "[CP] Embed Pods Frameworks";
			outputFileListPaths = (
				"${PODS_ROOT}/Target Support Files/Pods-SkillTalk-SkillTalkUITests/Pods-SkillTalk-SkillTalkUITests-frameworks-${CONFIGURATION}-output-files.xcfilelist",
			);
			runOnlyForDeploymentPostprocessing = 0;
			shellPath = /bin/sh;
			shellScript = "\"${PODS_ROOT}/Target Support Files/Pods-SkillTalk-SkillTalkUITests/Pods-SkillTalk-SkillTalkUITests-frameworks.sh\"\n";
			showEnvVarsInLog = 0;
		};
		D611A68D5FF389AC6D807EB8 /* [CP] Embed Pods Frameworks */ = {
			isa = PBXShellScriptBuildPhase;
			buildActionMask = 2147483647;
			files = (
			);
			inputFileListPaths = (
				"${PODS_ROOT}/Target Support Files/Pods-SkillTalk/Pods-SkillTalk-frameworks-${CONFIGURATION}-input-files.xcfilelist",
			);
			name = "[CP] Embed Pods Frameworks";
			outputFileListPaths = (
				"${PODS_ROOT}/Target Support Files/Pods-SkillTalk/Pods-SkillTalk-frameworks-${CONFIGURATION}-output-files.xcfilelist",
			);
			runOnlyForDeploymentPostprocessing = 0;
			shellPath = /bin/sh;
			shellScript = "\"${PODS_ROOT}/Target Support Files/Pods-SkillTalk/Pods-SkillTalk-frameworks.sh\"\n";
			showEnvVarsInLog = 0;
		};
/* End PBXShellScriptBuildPhase section */

/* Begin PBXSourcesBuildPhase section */
		2DC8B1242E15E20000F5C950 /* Sources */ = {
			isa = PBXSourcesBuildPhase;
			buildActionMask = 2147483647;
			files = (
			);
			runOnlyForDeploymentPostprocessing = 0;
		};
		2DC8B1312E15E20200F5C950 /* Sources */ = {
			isa = PBXSourcesBuildPhase;
			buildActionMask = 2147483647;
			files = (
			);
			runOnlyForDeploymentPostprocessing = 0;
		};
		2DC8B13B2E15E20200F5C950 /* Sources */ = {
			isa = PBXSourcesBuildPhase;
			buildActionMask = 2147483647;
			files = (
			);
			runOnlyForDeploymentPostprocessing = 0;
		};
/* End PBXSourcesBuildPhase section */

/* Begin PBXTargetDependency section */
		2DC8B1372E15E20200F5C950 /* PBXTargetDependency */ = {
			isa = PBXTargetDependency;
			target = 2DC8B1272E15E20000F5C950 /* SkillTalk */;
			targetProxy = 2DC8B1362E15E20200F5C950 /* PBXContainerItemProxy */;
		};
		2DC8B1412E15E20200F5C950 /* PBXTargetDependency */ = {
			isa = PBXTargetDependency;
			target = 2DC8B1272E15E20000F5C950 /* SkillTalk */;
			targetProxy = 2DC8B1402E15E20200F5C950 /* PBXContainerItemProxy */;
		};
/* End PBXTargetDependency section */

/* Begin XCBuildConfiguration section */
		2DC8B1472E15E20200F5C950 /* Debug */ = {
			isa = XCBuildConfiguration;
			buildSettings = {
				ALWAYS_SEARCH_USER_PATHS = NO;
				ASSETCATALOG_COMPILER_GENERATE_SWIFT_ASSET_SYMBOL_EXTENSIONS = YES;
				CLANG_ANALYZER_NONNULL = YES;
				CLANG_ANALYZER_NUMBER_OBJECT_CONVERSION = YES_AGGRESSIVE;
				CLANG_CXX_LANGUAGE_STANDARD = "gnu++20";
				CLANG_ENABLE_MODULES = YES;
				CLANG_ENABLE_OBJC_ARC = YES;
				CLANG_ENABLE_OBJC_WEAK = YES;
				CLANG_WARN_BLOCK_CAPTURE_AUTORELEASING = YES;
				CLANG_WARN_BOOL_CONVERSION = YES;
				CLANG_WARN_COMMA = YES;
				CLANG_WARN_CONSTANT_CONVERSION = YES;
				CLANG_WARN_DEPRECATED_OBJC_IMPLEMENTATIONS = YES;
				CLANG_WARN_DIRECT_OBJC_ISA_USAGE = YES_ERROR;
				CLANG_WARN_DOCUMENTATION_COMMENTS = YES;
				CLANG_WARN_EMPTY_BODY = YES;
				CLANG_WARN_ENUM_CONVERSION = YES;
				CLANG_WARN_INFINITE_RECURSION = YES;
				CLANG_WARN_INT_CONVERSION = YES;
				CLANG_WARN_NON_LITERAL_NULL_CONVERSION = YES;
				CLANG_WARN_OBJC_IMPLICIT_RETAIN_SELF = YES;
				CLANG_WARN_OBJC_LITERAL_CONVERSION = YES;
				CLANG_WARN_OBJC_ROOT_CLASS = YES_ERROR;
				CLANG_WARN_QUOTED_INCLUDE_IN_FRAMEWORK_HEADER = YES;
				CLANG_WARN_RANGE_LOOP_ANALYSIS = YES;
				CLANG_WARN_STRICT_PROTOTYPES = YES;
				CLANG_WARN_SUSPICIOUS_MOVE = YES;
				CLANG_WARN_UNGUARDED_AVAILABILITY = YES_AGGRESSIVE;
				CLANG_WARN_UNREACHABLE_CODE = YES;
				CLANG_WARN__DUPLICATE_METHOD_MATCH = YES;
				COPY_PHASE_STRIP = NO;
				DEBUG_INFORMATION_FORMAT = dwarf;
				DEVELOPMENT_TEAM = LY6X246QKK;
				ENABLE_STRICT_OBJC_MSGSEND = YES;
				ENABLE_TESTABILITY = YES;
				ENABLE_USER_SCRIPT_SANDBOXING = YES;
				GCC_C_LANGUAGE_STANDARD = gnu17;
				GCC_DYNAMIC_NO_PIC = NO;
				GCC_NO_COMMON_BLOCKS = YES;
				GCC_OPTIMIZATION_LEVEL = 0;
				GCC_PREPROCESSOR_DEFINITIONS = (
					"DEBUG=1",
					"$(inherited)",
				);
				GCC_WARN_64_TO_32_BIT_CONVERSION = YES;
				GCC_WARN_ABOUT_RETURN_TYPE = YES_ERROR;
				GCC_WARN_UNDECLARED_SELECTOR = YES;
				GCC_WARN_UNINITIALIZED_AUTOS = YES_AGGRESSIVE;
				GCC_WARN_UNUSED_FUNCTION = YES;
				GCC_WARN_UNUSED_VARIABLE = YES;
				IPHONEOS_DEPLOYMENT_TARGET = 18.4;
				LOCALIZATION_PREFERS_STRING_CATALOGS = YES;
				MTL_ENABLE_DEBUG_INFO = INCLUDE_SOURCE;
				MTL_FAST_MATH = YES;
				ONLY_ACTIVE_ARCH = YES;
				SDKROOT = iphoneos;
				SWIFT_ACTIVE_COMPILATION_CONDITIONS = "DEBUG $(inherited)";
				SWIFT_OPTIMIZATION_LEVEL = "-Onone";
			};
			name = Debug;
		};
		2DC8B1482E15E20200F5C950 /* Release */ = {
			isa = XCBuildConfiguration;
			buildSettings = {
				ALWAYS_SEARCH_USER_PATHS = NO;
				ASSETCATALOG_COMPILER_GENERATE_SWIFT_ASSET_SYMBOL_EXTENSIONS = YES;
				CLANG_ANALYZER_NONNULL = YES;
				CLANG_ANALYZER_NUMBER_OBJECT_CONVERSION = YES_AGGRESSIVE;
				CLANG_CXX_LANGUAGE_STANDARD = "gnu++20";
				CLANG_ENABLE_MODULES = YES;
				CLANG_ENABLE_OBJC_ARC = YES;
				CLANG_ENABLE_OBJC_WEAK = YES;
				CLANG_WARN_BLOCK_CAPTURE_AUTORELEASING = YES;
				CLANG_WARN_BOOL_CONVERSION = YES;
				CLANG_WARN_COMMA = YES;
				CLANG_WARN_CONSTANT_CONVERSION = YES;
				CLANG_WARN_DEPRECATED_OBJC_IMPLEMENTATIONS = YES;
				CLANG_WARN_DIRECT_OBJC_ISA_USAGE = YES_ERROR;
				CLANG_WARN_DOCUMENTATION_COMMENTS = YES;
				CLANG_WARN_EMPTY_BODY = YES;
				CLANG_WARN_ENUM_CONVERSION = YES;
				CLANG_WARN_INFINITE_RECURSION = YES;
				CLANG_WARN_INT_CONVERSION = YES;
				CLANG_WARN_NON_LITERAL_NULL_CONVERSION = YES;
				CLANG_WARN_OBJC_IMPLICIT_RETAIN_SELF = YES;
				CLANG_WARN_OBJC_LITERAL_CONVERSION = YES;
				CLANG_WARN_OBJC_ROOT_CLASS = YES_ERROR;
				CLANG_WARN_QUOTED_INCLUDE_IN_FRAMEWORK_HEADER = YES;
				CLANG_WARN_RANGE_LOOP_ANALYSIS = YES;
				CLANG_WARN_STRICT_PROTOTYPES = YES;
				CLANG_WARN_SUSPICIOUS_MOVE = YES;
				CLANG_WARN_UNGUARDED_AVAILABILITY = YES_AGGRESSIVE;
				CLANG_WARN_UNREACHABLE_CODE = YES;
				CLANG_WARN__DUPLICATE_METHOD_MATCH = YES;
				COPY_PHASE_STRIP = NO;
				DEBUG_INFORMATION_FORMAT = "dwarf-with-dsym";
				DEVELOPMENT_TEAM = LY6X246QKK;
				ENABLE_NS_ASSERTIONS = NO;
				ENABLE_STRICT_OBJC_MSGSEND = YES;
				ENABLE_USER_SCRIPT_SANDBOXING = YES;
				GCC_C_LANGUAGE_STANDARD = gnu17;
				GCC_NO_COMMON_BLOCKS = YES;
				GCC_WARN_64_TO_32_BIT_CONVERSION = YES;
				GCC_WARN_ABOUT_RETURN_TYPE = YES_ERROR;
				GCC_WARN_UNDECLARED_SELECTOR = YES;
				GCC_WARN_UNINITIALIZED_AUTOS = YES_AGGRESSIVE;
				GCC_WARN_UNUSED_FUNCTION = YES;
				GCC_WARN_UNUSED_VARIABLE = YES;
				IPHONEOS_DEPLOYMENT_TARGET = 18.4;
				LOCALIZATION_PREFERS_STRING_CATALOGS = YES;
				MTL_ENABLE_DEBUG_INFO = NO;
				MTL_FAST_MATH = YES;
				SDKROOT = iphoneos;
				SWIFT_COMPILATION_MODE = wholemodule;
				VALIDATE_PRODUCT = YES;
			};
			name = Release;
		};
		2DC8B14A2E15E20200F5C950 /* Debug */ = {
			isa = XCBuildConfiguration;
			baseConfigurationReference = B63B373148D3DEFA87C41F0C /* Pods-SkillTalk.debug.xcconfig */;
			buildSettings = {
				ASSETCATALOG_COMPILER_APPICON_NAME = AppIcon;
				ASSETCATALOG_COMPILER_GLOBAL_ACCENT_COLOR_NAME = AccentColor;
				CODE_SIGN_STYLE = Automatic;
				CURRENT_PROJECT_VERSION = 1;
				DEVELOPMENT_TEAM = LY6X246QKK;
				ENABLE_PREVIEWS = YES;
				GENERATE_INFOPLIST_FILE = YES;
				INFOPLIST_KEY_UIApplicationSceneManifest_Generation = YES;
				INFOPLIST_KEY_UIApplicationSupportsIndirectInputEvents = YES;
				INFOPLIST_KEY_UILaunchScreen_Generation = YES;
				INFOPLIST_KEY_UISupportedInterfaceOrientations_iPad = "UIInterfaceOrientationPortrait UIInterfaceOrientationPortraitUpsideDown UIInterfaceOrientationLandscapeLeft UIInterfaceOrientationLandscapeRight";
				INFOPLIST_KEY_UISupportedInterfaceOrientations_iPhone = "UIInterfaceOrientationPortrait UIInterfaceOrientationLandscapeLeft UIInterfaceOrientationLandscapeRight";
				LD_RUNPATH_SEARCH_PATHS = (
					"$(inherited)",
					"@executable_path/Frameworks",
				);
				MARKETING_VERSION = 1.0;
				PRODUCT_BUNDLE_IDENTIFIER = st.swift.modular;
				PRODUCT_NAME = "$(TARGET_NAME)";
				SWIFT_EMIT_LOC_STRINGS = YES;
				SWIFT_VERSION = 5.0;
				TARGETED_DEVICE_FAMILY = "1,2";
			};
			name = Debug;
		};
		2DC8B14B2E15E20200F5C950 /* Release */ = {
			isa = XCBuildConfiguration;
			baseConfigurationReference = AF66664E02651695216C51ED /* Pods-SkillTalk.release.xcconfig */;
			buildSettings = {
				ASSETCATALOG_COMPILER_APPICON_NAME = AppIcon;
				ASSETCATALOG_COMPILER_GLOBAL_ACCENT_COLOR_NAME = AccentColor;
				CODE_SIGN_STYLE = Automatic;
				CURRENT_PROJECT_VERSION = 1;
				DEVELOPMENT_TEAM = LY6X246QKK;
				ENABLE_PREVIEWS = YES;
				GENERATE_INFOPLIST_FILE = YES;
				INFOPLIST_KEY_UIApplicationSceneManifest_Generation = YES;
				INFOPLIST_KEY_UIApplicationSupportsIndirectInputEvents = YES;
				INFOPLIST_KEY_UILaunchScreen_Generation = YES;
				INFOPLIST_KEY_UISupportedInterfaceOrientations_iPad = "UIInterfaceOrientationPortrait UIInterfaceOrientationPortraitUpsideDown UIInterfaceOrientationLandscapeLeft UIInterfaceOrientationLandscapeRight";
				INFOPLIST_KEY_UISupportedInterfaceOrientations_iPhone = "UIInterfaceOrientationPortrait UIInterfaceOrientationLandscapeLeft UIInterfaceOrientationLandscapeRight";
				LD_RUNPATH_SEARCH_PATHS = (
					"$(inherited)",
					"@executable_path/Frameworks",
				);
				MARKETING_VERSION = 1.0;
				PRODUCT_BUNDLE_IDENTIFIER = st.swift.modular;
				PRODUCT_NAME = "$(TARGET_NAME)";
				SWIFT_EMIT_LOC_STRINGS = YES;
				SWIFT_VERSION = 5.0;
				TARGETED_DEVICE_FAMILY = "1,2";
			};
			name = Release;
		};
		2DC8B14D2E15E20200F5C950 /* Debug */ = {
			isa = XCBuildConfiguration;
			baseConfigurationReference = 165C1155696FF57118D504B2 /* Pods-SkillTalkTests.debug.xcconfig */;
			buildSettings = {
				BUNDLE_LOADER = "$(TEST_HOST)";
				CODE_SIGN_STYLE = Automatic;
				CURRENT_PROJECT_VERSION = 1;
				DEVELOPMENT_TEAM = LY6X246QKK;
				GENERATE_INFOPLIST_FILE = YES;
				IPHONEOS_DEPLOYMENT_TARGET = 18.4;
				MARKETING_VERSION = 1.0;
				PRODUCT_BUNDLE_IDENTIFIER = ST.SkillTalkTests;
				PRODUCT_NAME = "$(TARGET_NAME)";
				SWIFT_EMIT_LOC_STRINGS = NO;
				SWIFT_VERSION = 5.0;
				TARGETED_DEVICE_FAMILY = "1,2";
				TEST_HOST = "$(BUILT_PRODUCTS_DIR)/SkillTalk.app/$(BUNDLE_EXECUTABLE_FOLDER_PATH)/SkillTalk";
			};
			name = Debug;
		};
		2DC8B14E2E15E20200F5C950 /* Release */ = {
			isa = XCBuildConfiguration;
			baseConfigurationReference = A08B9626A1F1711025D38065 /* Pods-SkillTalkTests.release.xcconfig */;
			buildSettings = {
				BUNDLE_LOADER = "$(TEST_HOST)";
				CODE_SIGN_STYLE = Automatic;
				CURRENT_PROJECT_VERSION = 1;
				DEVELOPMENT_TEAM = LY6X246QKK;
				GENERATE_INFOPLIST_FILE = YES;
				IPHONEOS_DEPLOYMENT_TARGET = 18.4;
				MARKETING_VERSION = 1.0;
				PRODUCT_BUNDLE_IDENTIFIER = ST.SkillTalkTests;
				PRODUCT_NAME = "$(TARGET_NAME)";
				SWIFT_EMIT_LOC_STRINGS = NO;
				SWIFT_VERSION = 5.0;
				TARGETED_DEVICE_FAMILY = "1,2";
				TEST_HOST = "$(BUILT_PRODUCTS_DIR)/SkillTalk.app/$(BUNDLE_EXECUTABLE_FOLDER_PATH)/SkillTalk";
			};
			name = Release;
		};
		2DC8B1502E15E20200F5C950 /* Debug */ = {
			isa = XCBuildConfiguration;
			baseConfigurationReference = AB8951F9BD280D5EF502706B /* Pods-SkillTalk-SkillTalkUITests.debug.xcconfig */;
			buildSettings = {
				CODE_SIGN_STYLE = Automatic;
				CURRENT_PROJECT_VERSION = 1;
				DEVELOPMENT_TEAM = LY6X246QKK;
				GENERATE_INFOPLIST_FILE = YES;
				MARKETING_VERSION = 1.0;
				PRODUCT_BUNDLE_IDENTIFIER = ST.SkillTalkUITests;
				PRODUCT_NAME = "$(TARGET_NAME)";
				SWIFT_EMIT_LOC_STRINGS = NO;
				SWIFT_VERSION = 5.0;
				TARGETED_DEVICE_FAMILY = "1,2";
				TEST_TARGET_NAME = SkillTalk;
			};
			name = Debug;
		};
		2DC8B1512E15E20200F5C950 /* Release */ = {
			isa = XCBuildConfiguration;
			baseConfigurationReference = F9817E6F30943F209A89C1EB /* Pods-SkillTalk-SkillTalkUITests.release.xcconfig */;
			buildSettings = {
				CODE_SIGN_STYLE = Automatic;
				CURRENT_PROJECT_VERSION = 1;
				DEVELOPMENT_TEAM = LY6X246QKK;
				GENERATE_INFOPLIST_FILE = YES;
				MARKETING_VERSION = 1.0;
				PRODUCT_BUNDLE_IDENTIFIER = ST.SkillTalkUITests;
				PRODUCT_NAME = "$(TARGET_NAME)";
				SWIFT_EMIT_LOC_STRINGS = NO;
				SWIFT_VERSION = 5.0;
				TARGETED_DEVICE_FAMILY = "1,2";
				TEST_TARGET_NAME = SkillTalk;
			};
			name = Release;
		};
/* End XCBuildConfiguration section */

/* Begin XCConfigurationList section */
		2DC8B1232E15E20000F5C950 /* Build configuration list for PBXProject "SkillTalk" */ = {
			isa = XCConfigurationList;
			buildConfigurations = (
				2DC8B1472E15E20200F5C950 /* Debug */,
				2DC8B1482E15E20200F5C950 /* Release */,
			);
			defaultConfigurationIsVisible = 0;
			defaultConfigurationName = Release;
		};
		2DC8B1492E15E20200F5C950 /* Build configuration list for PBXNativeTarget "SkillTalk" */ = {
			isa = XCConfigurationList;
			buildConfigurations = (
				2DC8B14A2E15E20200F5C950 /* Debug */,
				2DC8B14B2E15E20200F5C950 /* Release */,
			);
			defaultConfigurationIsVisible = 0;
			defaultConfigurationName = Release;
		};
		2DC8B14C2E15E20200F5C950 /* Build configuration list for PBXNativeTarget "SkillTalkTests" */ = {
			isa = XCConfigurationList;
			buildConfigurations = (
				2DC8B14D2E15E20200F5C950 /* Debug */,
				2DC8B14E2E15E20200F5C950 /* Release */,
			);
			defaultConfigurationIsVisible = 0;
			defaultConfigurationName = Release;
		};
		2DC8B14F2E15E20200F5C950 /* Build configuration list for PBXNativeTarget "SkillTalkUITests" */ = {
			isa = XCConfigurationList;
			buildConfigurations = (
				2DC8B1502E15E20200F5C950 /* Debug */,
				2DC8B1512E15E20200F5C950 /* Release */,
			);
			defaultConfigurationIsVisible = 0;
			defaultConfigurationName = Release;
		};
/* End XCConfigurationList section */

/* Begin XCRemoteSwiftPackageReference section */
		2D0D952D2E16D41C00547E37 /* XCRemoteSwiftPackageReference "supabase-swift" */ = {
			isa = XCRemoteSwiftPackageReference;
			repositoryURL = "https://github.com/supabase-community/supabase-swift";
			requirement = {
				kind = upToNextMajorVersion;
				minimumVersion = 2.5.1;
			};
		};
/* End XCRemoteSwiftPackageReference section */

/* Begin XCSwiftPackageProductDependency section */
		2D0D952E2E16D41D00547E37 /* Auth */ = {
			isa = XCSwiftPackageProductDependency;
			package = 2D0D952D2E16D41C00547E37 /* XCRemoteSwiftPackageReference "supabase-swift" */;
			productName = Auth;
		};
		2D0D95302E16D41D00547E37 /* Storage */ = {
			isa = XCSwiftPackageProductDependency;
			package = 2D0D952D2E16D41C00547E37 /* XCRemoteSwiftPackageReference "supabase-swift" */;
			productName = Storage;
		};
		2D0D95322E16D41D00547E37 /* Supabase */ = {
			isa = XCSwiftPackageProductDependency;
			package = 2D0D952D2E16D41C00547E37 /* XCRemoteSwiftPackageReference "supabase-swift" */;
			productName = Supabase;
		};
/* End XCSwiftPackageProductDependency section */
	};
	rootObject = 2DC8B1202E15E20000F5C950 /* Project object */;
}
